Microsoft Visual Studio Solution File, Format Version 12.00
# Visual Studio Version 17
VisualStudioVersion = 17.5.2.0
MinimumVisualStudioVersion = 10.0.40219.1
Project("{2150E333-8FDC-42A3-9474-1A3956D46DE8}") = "Bolillero", "Bolillero", "{B17DE55C-A831-866D-E31B-8D491C0C62AF}"
EndProject
Project("{2150E333-8FDC-42A3-9474-1A3956D46DE8}") = "DeporteVirtual", "DeporteVirtual", "{BE2F2542-1E9D-80FB-3C4D-4ED8C02001EC}"
EndProject
Project("{FAE04EC0-301F-11D3-BF4B-00C04F79EFBC}") = "biblioteca", "Bolillero\biblioteca\biblioteca.csproj", "{885C6DDA-E019-FD12-D969-46310CE2D37E}"
EndProject
Project("{FAE04EC0-301F-11D3-BF4B-00C04F79EFBC}") = "tests", "Bolillero\tests\tests.csproj", "{B034DB24-9151-DED0-F967-F037653C6081}"
EndProject
Project("{FAE04EC0-301F-11D3-BF4B-00C04F79EFBC}") = "biblioteca", "DeporteVirtual\biblioteca\biblioteca.csproj", "{13DDDA53-9C71-9890-7BB1-990A16FD92FE}"
EndProject
Project("{FAE04EC0-301F-11D3-BF4B-00C04F79EFBC}") = "tests", "DeporteVirtual\tests\tests.csproj", "{9C5B761F-7B56-DBAB-1905-2969F42734FE}"
EndProject
Global
	GlobalSection(SolutionConfigurationPlatforms) = preSolution
		Debug|Any CPU = Debug|Any CPU
		Release|Any CPU = Release|Any CPU
	EndGlobalSection
	GlobalSection(ProjectConfigurationPlatforms) = postSolution
		{885C6DDA-E019-FD12-D969-46310CE2D37E}.Debug|Any CPU.ActiveCfg = Debug|Any CPU
		{885C6DDA-E019-FD12-D969-46310CE2D37E}.Debug|Any CPU.Build.0 = Debug|Any CPU
		{885C6DDA-E019-FD12-D969-46310CE2D37E}.Release|Any CPU.ActiveCfg = Release|Any CPU
		{885C6DDA-E019-FD12-D969-46310CE2D37E}.Release|Any CPU.Build.0 = Release|Any CPU
		{B034DB24-9151-DED0-F967-F037653C6081}.Debug|Any CPU.ActiveCfg = Debug|Any CPU
		{B034DB24-9151-DED0-F967-F037653C6081}.Debug|Any CPU.Build.0 = Debug|Any CPU
		{B034DB24-9151-DED0-F967-F037653C6081}.Release|Any CPU.ActiveCfg = Release|Any CPU
		{B034DB24-9151-DED0-F967-F037653C6081}.Release|Any CPU.Build.0 = Release|Any CPU
		{13DDDA53-9C71-9890-7BB1-990A16FD92FE}.Debug|Any CPU.ActiveCfg = Debug|Any CPU
		{13DDDA53-9C71-9890-7BB1-990A16FD92FE}.Debug|Any CPU.Build.0 = Debug|Any CPU
		{13DDDA53-9C71-9890-7BB1-990A16FD92FE}.Release|Any CPU.ActiveCfg = Release|Any CPU
		{13DDDA53-9C71-9890-7BB1-990A16FD92FE}.Release|Any CPU.Build.0 = Release|Any CPU
		{9C5B761F-7B56-DBAB-1905-2969F42734FE}.Debug|Any CPU.ActiveCfg = Debug|Any CPU
		{9C5B761F-7B56-DBAB-1905-2969F42734FE}.Debug|Any CPU.Build.0 = Debug|Any CPU
		{9C5B761F-7B56-DBAB-1905-2969F42734FE}.Release|Any CPU.ActiveCfg = Release|Any CPU
		{9C5B761F-7B56-DBAB-1905-2969F42734FE}.Release|Any CPU.Build.0 = Release|Any CPU
	EndGlobalSection
	GlobalSection(SolutionProperties) = preSolution
		HideSolutionNode = FALSE
	EndGlobalSection
	GlobalSection(NestedProjects) = preSolution
		{885C6DDA-E019-FD12-D969-46310CE2D37E} = {B17DE55C-A831-866D-E31B-8D491C0C62AF}
		{B034DB24-9151-DED0-F967-F037653C6081} = {B17DE55C-A831-866D-E31B-8D491C0C62AF}
		{13DDDA53-9C71-9890-7BB1-990A16FD92FE} = {BE2F2542-1E9D-80FB-3C4D-4ED8C02001EC}
		{9C5B761F-7B56-DBAB-1905-2969F42734FE} = {BE2F2542-1E9D-80FB-3C4D-4ED8C02001EC}
	EndGlobalSection
	GlobalSection(ExtensibilityGlobals) = postSolution
		SolutionGuid = {669F2FC8-994C-45EF-953F-E88B39177D0A}
	EndGlobalSection
EndGlobal
